{
  "lockfile-version": 0,
  "manifest": {
    "hook": {},
    "install": {
      "go": {
        "pkg-path": "go",
        "version": "^1.20"
      },
      "go-task": {
        "pkg-path": "go-task"
      },
      "goreleaser": {
        "pkg-path": "goreleaser"
      }
    },
    "options": {
      "systems": [
        "aarch64-darwin"
      ]
    },
    "profile": {
      "common": "  # Autogenerated by Flox\n\n  # Point GOENV to Flox environment cache\n  export GOENV=\"$FLOX_ENV_CACHE/goenv\"\n\n  # Install Go dependencies\n  go get .\n\n  # End autogenerated by Flox\n"
    },
    "registry": {
      "defaults": {
        "subtrees": null
      },
      "inputs": {
        "nixpkgs": {
          "from": {
            "owner": "NixOS",
            "ref": "release-23.11",
            "repo": "nixpkgs",
            "type": "github"
          },
          "subtrees": [
            "legacyPackages"
          ]
        }
      },
      "priority": [
        "nixpkgs"
      ]
    },
    "vars": {}
  },
  "packages": {
    "aarch64-darwin": {
      "go": {
        "attr-path": [
          "legacyPackages",
          "aarch64-darwin",
          "go"
        ],
        "info": {
          "broken": false,
          "description": "The Go Programming language",
          "license": "BSD-3-Clause",
          "pname": "go",
          "unfree": false,
          "version": "1.21.9"
        },
        "input": {
          "attrs": {
            "lastModified": 1715179516,
            "narHash": "sha256-4bukm7txQrzFYkdg5BSgYV4WeTBGkHCHqDv3bgcoG4Q=",
            "owner": "NixOS",
            "repo": "nixpkgs",
            "rev": "fe14917e03c0d452c524a1e18b74c516b80a81d4",
            "type": "github"
          },
          "fingerprint": "29333ff846d14c66a4e1b1ce6456bd8edd050f623290b1e5366c71a9693c73f1",
          "url": "github:NixOS/nixpkgs/fe14917e03c0d452c524a1e18b74c516b80a81d4"
        },
        "priority": 5
      },
      "go-task": {
        "attr-path": [
          "legacyPackages",
          "aarch64-darwin",
          "go-task"
        ],
        "info": {
          "broken": false,
          "description": "A task runner / simpler Make alternative written in Go",
          "license": "MIT",
          "pname": "go-task",
          "unfree": false,
          "version": "3.31.0"
        },
        "input": {
          "attrs": {
            "lastModified": 1715179516,
            "narHash": "sha256-4bukm7txQrzFYkdg5BSgYV4WeTBGkHCHqDv3bgcoG4Q=",
            "owner": "NixOS",
            "repo": "nixpkgs",
            "rev": "fe14917e03c0d452c524a1e18b74c516b80a81d4",
            "type": "github"
          },
          "fingerprint": "29333ff846d14c66a4e1b1ce6456bd8edd050f623290b1e5366c71a9693c73f1",
          "url": "github:NixOS/nixpkgs/fe14917e03c0d452c524a1e18b74c516b80a81d4"
        },
        "priority": 5
      },
      "goreleaser": {
        "attr-path": [
          "legacyPackages",
          "aarch64-darwin",
          "goreleaser"
        ],
        "info": {
          "broken": false,
          "description": "Deliver Go binaries as fast and easily as possible",
          "license": "MIT",
          "pname": "goreleaser",
          "unfree": false,
          "version": "1.22.1"
        },
        "input": {
          "attrs": {
            "lastModified": 1715179516,
            "narHash": "sha256-4bukm7txQrzFYkdg5BSgYV4WeTBGkHCHqDv3bgcoG4Q=",
            "owner": "NixOS",
            "repo": "nixpkgs",
            "rev": "fe14917e03c0d452c524a1e18b74c516b80a81d4",
            "type": "github"
          },
          "fingerprint": "29333ff846d14c66a4e1b1ce6456bd8edd050f623290b1e5366c71a9693c73f1",
          "url": "github:NixOS/nixpkgs/fe14917e03c0d452c524a1e18b74c516b80a81d4"
        },
        "priority": 5
      }
    }
  },
  "registry": {
    "defaults": {
      "subtrees": null
    },
    "inputs": {
      "nixpkgs": {
        "from": {
          "lastModified": 1715179516,
          "narHash": "sha256-4bukm7txQrzFYkdg5BSgYV4WeTBGkHCHqDv3bgcoG4Q=",
          "owner": "NixOS",
          "repo": "nixpkgs",
          "rev": "fe14917e03c0d452c524a1e18b74c516b80a81d4",
          "type": "github"
        },
        "subtrees": [
          "legacyPackages"
        ]
      }
    },
    "priority": [
      "nixpkgs"
    ]
  }
}